<?xml version="1.0" encoding="utf-8"?>
<Project ToolsVersion="4.0" xmlns="http://schemas.microsoft.com/developer/msbuild/2003">
  <ItemGroup>
    <Filter Include="Form Files">
      <UniqueIdentifier>{99349809-55BA-4b9d-BF79-8FDBB0286EB3}</UniqueIdentifier>
      <Extensions>ui</Extensions>
      <ParseFiles>false</ParseFiles>
    </Filter>
    <Filter Include="Form Files">
      <UniqueIdentifier>{99349809-55BA-4b9d-BF79-8FDBB0286EB3}</UniqueIdentifier>
      <Extensions>ui</Extensions>
      <ParseFiles>false</ParseFiles>
    </Filter>
    <Filter Include="Generated Files">
      <UniqueIdentifier>{71ED8ED8-ACB9-4CE9-BBE1-E00B30144E11}</UniqueIdentifier>
      <Extensions>cpp;c;cxx;moc;h;def;odl;idl;res;</Extensions>
    </Filter>
    <Filter Include="Generated Files">
      <UniqueIdentifier>{71ED8ED8-ACB9-4CE9-BBE1-E00B30144E11}</UniqueIdentifier>
      <Extensions>cpp;c;cxx;moc;h;def;odl;idl;res;</Extensions>
    </Filter>
    <Filter Include="Header Files">
      <UniqueIdentifier>{93995380-89BD-4b04-88EB-625FBE52EBFB}</UniqueIdentifier>
      <Extensions>h;hpp;hxx;hm;inl;inc;xsd</Extensions>
    </Filter>
    <Filter Include="Header Files">
      <UniqueIdentifier>{93995380-89BD-4b04-88EB-625FBE52EBFB}</UniqueIdentifier>
      <Extensions>h;hpp;hxx;hm;inl;inc;xsd</Extensions>
    </Filter>
    <Filter Include="Source Files">
      <UniqueIdentifier>{4FC737F1-C7A5-4376-A066-2A32D752A2FF}</UniqueIdentifier>
      <Extensions>cpp;c;cxx;def;odl;idl;hpj;bat;asm;asmx</Extensions>
    </Filter>
    <Filter Include="Source Files">
      <UniqueIdentifier>{4FC737F1-C7A5-4376-A066-2A32D752A2FF}</UniqueIdentifier>
      <Extensions>cpp;c;cxx;def;odl;idl;hpj;bat;asm;asmx</Extensions>
    </Filter>
    <Filter Include="Generated Files\Debug">
      <UniqueIdentifier>{efd298a1-ad24-43cf-92d3-f57282051b4d}</UniqueIdentifier>
      <Extensions>cpp;moc</Extensions>
      <SourceControlFiles>False</SourceControlFiles>
    </Filter>
    <Filter Include="Generated Files\Release">
      <UniqueIdentifier>{977e911b-c6db-45b9-b6f4-635da6879ca8}</UniqueIdentifier>
      <Extensions>cpp;moc</Extensions>
      <SourceControlFiles>False</SourceControlFiles>
    </Filter>
  </ItemGroup>
  <ItemGroup>
    <ClCompile Include="..\lib\Color.cpp">
      <Filter>Source Files</Filter>
    </ClCompile>
    <ClCompile Include="..\lib\constraints\DistancePoint-Section.cpp">
      <Filter>Source Files</Filter>
    </ClCompile>
    <ClCompile Include="..\lib\constraints\DistanceToTheLine.cpp">
      <Filter>Source Files</Filter>
    </ClCompile>
    <ClCompile Include="..\lib\LineSkin.cpp">
      <Filter>Source Files</Filter>
    </ClCompile>
    <ClCompile Include="..\lib\ObjectSkin.cpp">
      <Filter>Source Files</Filter>
    </ClCompile>
    <ClCompile Include="..\lib\core_add.cpp">
      <Filter>Source Files</Filter>
    </ClCompile>
    <ClCompile Include="..\lib\core_other.cpp">
      <Filter>Source Files</Filter>
    </ClCompile>
    <ClCompile Include="..\lib\core_private.cpp">
      <Filter>Source Files</Filter>
    </ClCompile>
    <ClCompile Include="..\lib\core_stream.cpp">
      <Filter>Source Files</Filter>
    </ClCompile>
    <ClCompile Include="..\lib\global.cpp">
      <Filter>Source Files</Filter>
    </ClCompile>
    <ClCompile Include="..\lib\gui.cpp">
      <Filter>Source Files</Filter>
    </ClCompile>
    <ClCompile Include="..\lib\main.cpp">
      <Filter>Source Files</Filter>
    </ClCompile>
    <ClCompile Include="..\lib\mycanvas.cpp">
      <Filter>Source Files</Filter>
    </ClCompile>
    <ClCompile Include="..\lib\objectpropertieswindow.cpp">
      <Filter>Source Files</Filter>
    </ClCompile>
    <ClCompile Include="..\lib\structures.cpp">
      <Filter>Source Files</Filter>
    </ClCompile>
    <ClCompile Include="Debug\moc_gui.cpp">
      <Filter>Generated Files\Debug</Filter>
    </ClCompile>
    <ClCompile Include="Release\moc_gui.cpp">
      <Filter>Generated Files\Release</Filter>
    </ClCompile>
    <ClCompile Include="Debug\moc_mycanvas.cpp">
      <Filter>Generated Files\Debug</Filter>
    </ClCompile>
    <ClCompile Include="Release\moc_mycanvas.cpp">
      <Filter>Generated Files\Release</Filter>
    </ClCompile>
    <ClCompile Include="Debug\moc_objectpropertieswindow.cpp">
      <Filter>Generated Files\Debug</Filter>
    </ClCompile>
    <ClCompile Include="Release\moc_objectpropertieswindow.cpp">
      <Filter>Generated Files\Release</Filter>
    </ClCompile>
  </ItemGroup>
  <ItemGroup>
    <ClInclude Include="..\lib\constraints\AngleSegment-Segment.h">
      <Filter>Header Files</Filter>
    </ClInclude>
    <ClInclude Include="..\lib\constraints\AspectRatio.h">
      <Filter>Header Files</Filter>
    </ClInclude>
    <ClInclude Include="..\lib\constraints\Collector.h">
      <Filter>Header Files</Filter>
    </ClInclude>
    <ClInclude Include="..\lib\Color.h">
      <Filter>Header Files</Filter>
    </ClInclude>
    <ClInclude Include="..\lib\constraints\DistancePoint-Point.h">
      <Filter>Header Files</Filter>
    </ClInclude>
    <ClInclude Include="..\lib\constraints\DistancePoint-Section.h">
      <Filter>Header Files</Filter>
    </ClInclude>
    <ClInclude Include="..\lib\constraints\DistanceToTheLine.h">
      <Filter>Header Files</Filter>
    </ClInclude>
    <ClInclude Include="..\lib\Id.h">
      <Filter>Header Files</Filter>
    </ClInclude>
    <ClInclude Include="..\lib\LineSkin.h">
      <Filter>Header Files</Filter>
    </ClInclude>
    <ClInclude Include="..\lib\ObjectSkin.h">
      <Filter>Header Files</Filter>
    </ClInclude>
    <ClInclude Include="..\lib\constraints\ThreePointsOnTheLine.h">
      <Filter>Header Files</Filter>
    </ClInclude>
    <ClInclude Include="..\lib\core.h">
      <Filter>Header Files</Filter>
    </ClInclude>
    <ClInclude Include="..\lib\global.h">
      <Filter>Header Files</Filter>
    </ClInclude>
    <CustomBuild Include="..\lib\gui.h">
      <Filter>Header Files</Filter>
    </CustomBuild>
    <ClInclude Include="..\lib\storages\heshtable.h">
      <Filter>Header Files</Filter>
    </ClInclude>
    <ClInclude Include="..\lib\storages\matrix.h">
      <Filter>Header Files</Filter>
    </ClInclude>
    <CustomBuild Include="..\lib\mycanvas.h">
      <Filter>Header Files</Filter>
    </CustomBuild>
    <CustomBuild Include="..\lib\objectpropertieswindow.h">
      <Filter>Header Files</Filter>
    </CustomBuild>
    <ClInclude Include="..\lib\storages\storage_array.h">
      <Filter>Header Files</Filter>
    </ClInclude>
    <ClInclude Include="..\lib\storages\storage_list.h">
      <Filter>Header Files</Filter>
    </ClInclude>
    <ClInclude Include="..\lib\structures.h">
      <Filter>Header Files</Filter>
    </ClInclude>
    <ClInclude Include="GeneratedFiles\ui_gui.h">
      <Filter>Generated Files</Filter>
    </ClInclude>
    <ClInclude Include="GeneratedFiles\ui_objectpropertieswindow.h">
      <Filter>Generated Files</Filter>
    </ClInclude>
  </ItemGroup>
  <ItemGroup>
    <CustomBuild Include="..\lib\QTforms\gui.ui">
      <Filter>Form Files</Filter>
    </CustomBuild>
    <CustomBuild Include="..\lib\QTforms\objectpropertieswindow.ui">
      <Filter>Form Files</Filter>
    </CustomBuild>
  </ItemGroup>
</Project>