<?xml version="1.0" encoding="utf-8"?>
<Project ToolsVersion="4.0" xmlns="http://schemas.microsoft.com/developer/msbuild/2003">
  <ItemGroup>
    <Filter Include="Form Files">
      <UniqueIdentifier>{99349809-55BA-4b9d-BF79-8FDBB0286EB3}</UniqueIdentifier>
      <Extensions>ui</Extensions>
      <ParseFiles>false</ParseFiles>
    </Filter>
    <Filter Include="Form Files">
      <UniqueIdentifier>{99349809-55BA-4b9d-BF79-8FDBB0286EB3}</UniqueIdentifier>
      <Extensions>ui</Extensions>
      <ParseFiles>false</ParseFiles>
    </Filter>
    <Filter Include="Generated Files">
      <UniqueIdentifier>{71ED8ED8-ACB9-4CE9-BBE1-E00B30144E11}</UniqueIdentifier>
      <Extensions>cpp;c;cxx;moc;h;def;odl;idl;res;</Extensions>
    </Filter>
    <Filter Include="Generated Files">
      <UniqueIdentifier>{71ED8ED8-ACB9-4CE9-BBE1-E00B30144E11}</UniqueIdentifier>
      <Extensions>cpp;c;cxx;moc;h;def;odl;idl;res;</Extensions>
    </Filter>
    <Filter Include="Header Files">
      <UniqueIdentifier>{93995380-89BD-4b04-88EB-625FBE52EBFB}</UniqueIdentifier>
      <Extensions>h;hpp;hxx;hm;inl;inc;xsd</Extensions>
    </Filter>
    <Filter Include="Header Files">
      <UniqueIdentifier>{93995380-89BD-4b04-88EB-625FBE52EBFB}</UniqueIdentifier>
      <Extensions>h;hpp;hxx;hm;inl;inc;xsd</Extensions>
    </Filter>
    <Filter Include="Source Files">
      <UniqueIdentifier>{4FC737F1-C7A5-4376-A066-2A32D752A2FF}</UniqueIdentifier>
      <Extensions>cpp;c;cxx;def;odl;idl;hpj;bat;asm;asmx</Extensions>
    </Filter>
    <Filter Include="Source Files">
      <UniqueIdentifier>{4FC737F1-C7A5-4376-A066-2A32D752A2FF}</UniqueIdentifier>
      <Extensions>cpp;c;cxx;def;odl;idl;hpj;bat;asm;asmx</Extensions>
    </Filter>
    <Filter Include="Generated Files\Debug">
      <UniqueIdentifier>{a817a02e-08af-4ff6-8aea-00723d78ac63}</UniqueIdentifier>
      <Extensions>cpp;moc</Extensions>
      <SourceControlFiles>False</SourceControlFiles>
    </Filter>
    <Filter Include="Generated Files\Release">
      <UniqueIdentifier>{2d814879-5dd4-4eab-a5e9-856ba1871dd1}</UniqueIdentifier>
      <Extensions>cpp;moc</Extensions>
      <SourceControlFiles>False</SourceControlFiles>
    </Filter>
    <Filter Include="Resource Files">
      <UniqueIdentifier>{D9D6E242-F8AF-46E4-B9FD-80ECBC20BA3E}</UniqueIdentifier>
      <Extensions>qrc;*</Extensions>
      <ParseFiles>false</ParseFiles>
    </Filter>
    <Filter Include="Header Files\Constraints">
      <UniqueIdentifier>{26ace30c-d1a8-4d1c-bccc-6d70789d90dc}</UniqueIdentifier>
    </Filter>
    <Filter Include="Header Files\Other">
      <UniqueIdentifier>{7edf6219-5c2a-441e-ad8f-66fd526595d5}</UniqueIdentifier>
    </Filter>
    <Filter Include="Header Files\Blocks">
      <UniqueIdentifier>{0e7ca488-c6e9-478e-bdab-a47dd9b8940f}</UniqueIdentifier>
    </Filter>
    <Filter Include="Source Files\Other">
      <UniqueIdentifier>{c0f62551-b74b-4021-a99b-f0cc6b76563b}</UniqueIdentifier>
    </Filter>
    <Filter Include="Source Files\Main blocks">
      <UniqueIdentifier>{af12200a-45fb-466f-b018-1f4318e9f158}</UniqueIdentifier>
    </Filter>
    <Filter Include="Source Files\Other blocks">
      <UniqueIdentifier>{6b76e088-54ee-47d9-b4b1-a95cde98bd0b}</UniqueIdentifier>
    </Filter>
  </ItemGroup>
  <ItemGroup>
    <ClCompile Include="Debug\moc_gui.cpp">
      <Filter>Generated Files\Debug</Filter>
    </ClCompile>
    <ClCompile Include="Release\moc_gui.cpp">
      <Filter>Generated Files\Release</Filter>
    </ClCompile>
    <ClCompile Include="Debug\moc_mycanvas.cpp">
      <Filter>Generated Files\Debug</Filter>
    </ClCompile>
    <ClCompile Include="Release\moc_mycanvas.cpp">
      <Filter>Generated Files\Release</Filter>
    </ClCompile>
    <ClCompile Include="Debug\moc_objectpropertieswindow.cpp">
      <Filter>Generated Files\Debug</Filter>
    </ClCompile>
    <ClCompile Include="Release\moc_objectpropertieswindow.cpp">
      <Filter>Generated Files\Release</Filter>
    </ClCompile>
    <ClCompile Include="GeneratedFiles\qrc_icons.cpp">
      <Filter>Generated Files</Filter>
    </ClCompile>
    <ClCompile Include="..\lib\Color.cpp">
      <Filter>Source Files\Other</Filter>
    </ClCompile>
    <ClCompile Include="..\lib\core_add.cpp">
      <Filter>Source Files\Main blocks</Filter>
    </ClCompile>
    <ClCompile Include="..\lib\core_other.cpp">
      <Filter>Source Files\Main blocks</Filter>
    </ClCompile>
    <ClCompile Include="..\lib\core_private.cpp">
      <Filter>Source Files\Main blocks</Filter>
    </ClCompile>
    <ClCompile Include="..\lib\gui.cpp">
      <Filter>Source Files\Main blocks</Filter>
    </ClCompile>
    <ClCompile Include="..\lib\gui_interface.cpp">
      <Filter>Source Files\Main blocks</Filter>
    </ClCompile>
    <ClCompile Include="..\lib\main.cpp">
      <Filter>Source Files\Other</Filter>
    </ClCompile>
    <ClCompile Include="..\lib\mycanvas.cpp">
      <Filter>Source Files\Main blocks</Filter>
    </ClCompile>
    <ClCompile Include="..\lib\ObjectBase.cpp">
      <Filter>Source Files\Other</Filter>
    </ClCompile>
    <ClCompile Include="..\lib\objectpropertieswindow.cpp">
      <Filter>Source Files\Main blocks</Filter>
    </ClCompile>
    <ClCompile Include="..\lib\global.cpp">
      <Filter>Source Files\Other blocks</Filter>
    </ClCompile>
    <ClCompile Include="..\lib\settings.cpp">
      <Filter>Source Files\Other blocks</Filter>
    </ClCompile>
    <ClCompile Include="..\lib\storageofconstraints.cpp">
      <Filter>Source Files\Other blocks</Filter>
    </ClCompile>
    <ClCompile Include="..\lib\storageofobjects.cpp">
      <Filter>Source Files\Other blocks</Filter>
    </ClCompile>
    <ClCompile Include="..\lib\Load.cpp">
      <Filter>Source Files\Other blocks</Filter>
    </ClCompile>
    <ClCompile Include="..\lib\Save.cpp">
      <Filter>Source Files\Other blocks</Filter>
    </ClCompile>
  </ItemGroup>
  <ItemGroup>
    <ClInclude Include="GeneratedFiles\ui_gui.h">
      <Filter>Generated Files</Filter>
    </ClInclude>
    <ClInclude Include="GeneratedFiles\ui_objectpropertieswindow.h">
      <Filter>Generated Files</Filter>
    </ClInclude>
    <ClInclude Include="..\lib\constraints\AngleSegment-Segment.h">
      <Filter>Header Files\Constraints</Filter>
    </ClInclude>
    <ClInclude Include="..\lib\constraints\CircleContact.h">
      <Filter>Header Files\Constraints</Filter>
    </ClInclude>
    <ClInclude Include="..\lib\constraints\Collector.h">
      <Filter>Header Files\Constraints</Filter>
    </ClInclude>
    <ClInclude Include="..\lib\constraints\DistancePoint-Point.h">
      <Filter>Header Files\Constraints</Filter>
    </ClInclude>
    <ClInclude Include="..\lib\constraints\DistanceToTheLine.h">
      <Filter>Header Files\Constraints</Filter>
    </ClInclude>
    <ClInclude Include="..\lib\constraints\OrthogonalLines.h">
      <Filter>Header Files\Constraints</Filter>
    </ClInclude>
    <ClInclude Include="..\lib\constraints\ParallelLines.h">
      <Filter>Header Files\Constraints</Filter>
    </ClInclude>
    <ClInclude Include="..\lib\constraints\ThreePointsOnTheLine.h">
      <Filter>Header Files\Constraints</Filter>
    </ClInclude>
    <ClInclude Include="..\lib\enums.h">
      <Filter>Header Files\Other</Filter>
    </ClInclude>
    <ClInclude Include="..\lib\core.h">
      <Filter>Header Files\Blocks</Filter>
    </ClInclude>
    <ClInclude Include="..\lib\global.h">
      <Filter>Header Files\Blocks</Filter>
    </ClInclude>
    <ClInclude Include="..\lib\Load.h">
      <Filter>Header Files\Blocks</Filter>
    </ClInclude>
    <ClInclude Include="..\lib\settings.h">
      <Filter>Header Files\Blocks</Filter>
    </ClInclude>
    <ClInclude Include="..\lib\Save.h">
      <Filter>Header Files\Blocks</Filter>
    </ClInclude>
    <ClInclude Include="..\lib\storageofconstraints.h">
      <Filter>Header Files\Blocks</Filter>
    </ClInclude>
    <ClInclude Include="..\lib\storageofobjects.h">
      <Filter>Header Files\Blocks</Filter>
    </ClInclude>
    <ClInclude Include="..\lib\structures.h">
      <Filter>Header Files\Other</Filter>
    </ClInclude>
  </ItemGroup>
  <ItemGroup>
    <CustomBuild Include="..\lib\QTforms\gui.ui">
      <Filter>Form Files</Filter>
    </CustomBuild>
    <CustomBuild Include="..\lib\QTforms\objectpropertieswindow.ui">
      <Filter>Form Files</Filter>
    </CustomBuild>
    <CustomBuild Include="..\lib\QTforms\icons.qrc">
      <Filter>Resource Files</Filter>
    </CustomBuild>
    <CustomBuild Include="..\lib\gui.h">
      <Filter>Header Files\Blocks</Filter>
    </CustomBuild>
    <CustomBuild Include="..\lib\mycanvas.h">
      <Filter>Header Files\Blocks</Filter>
    </CustomBuild>
    <CustomBuild Include="..\lib\objectpropertieswindow.h">
      <Filter>Header Files\Blocks</Filter>
    </CustomBuild>
  </ItemGroup>
  <ItemGroup>
    <Image Include="..\lib\QTforms\icons\addbtn.png">
      <Filter>Resource Files</Filter>
    </Image>
    <Image Include="..\lib\QTforms\icons\changebtn.png">
      <Filter>Resource Files</Filter>
    </Image>
    <Image Include="..\lib\QTforms\icons\circlebtn.png">
      <Filter>Resource Files</Filter>
    </Image>
    <Image Include="..\lib\QTforms\icons\clearallbtn.png">
      <Filter>Resource Files</Filter>
    </Image>
    <Image Include="..\lib\QTforms\icons\closebtn.png">
      <Filter>Resource Files</Filter>
    </Image>
    <Image Include="..\lib\QTforms\icons\deletebtn.png">
      <Filter>Resource Files</Filter>
    </Image>
    <Image Include="..\lib\QTforms\icons\lock.png">
      <Filter>Resource Files</Filter>
    </Image>
    <Image Include="..\lib\QTforms\icons\openbtn.png">
      <Filter>Resource Files</Filter>
    </Image>
    <Image Include="..\lib\QTforms\icons\pointbtn.png">
      <Filter>Resource Files</Filter>
    </Image>
    <Image Include="..\lib\QTforms\icons\redrawbtn.png">
      <Filter>Resource Files</Filter>
    </Image>
    <Image Include="..\lib\QTforms\icons\savebtn.png">
      <Filter>Resource Files</Filter>
    </Image>
    <Image Include="..\lib\QTforms\icons\segmentbtn.png">
      <Filter>Resource Files</Filter>
    </Image>
    <Image Include="..\lib\QTforms\icons\selectbtn.png">
      <Filter>Resource Files</Filter>
    </Image>
    <Image Include="..\lib\QTforms\icons\zoombtn.png">
      <Filter>Resource Files</Filter>
    </Image>
  </ItemGroup>
  <ItemGroup>
    <ClInclude Include="..\lib\Id.h">
      <Filter>Header Files\Other</Filter>
    </ClInclude>
    <ClInclude Include="..\lib\storages\mylist.h">
      <Filter>Header Files\Blocks</Filter>
    </ClInclude>
    <ClInclude Include="..\lib\storages\mytree.h">
      <Filter>Header Files\Blocks</Filter>
    </ClInclude>
    <ClInclude Include="..\lib\storages\myvector.h">
      <Filter>Header Files\Blocks</Filter>
    </ClInclude>
    <ClInclude Include="..\lib\ObjectBase.h">
      <Filter>Header Files\Other</Filter>
    </ClInclude>
  </ItemGroup>
</Project>