
Microsoft Visual Studio Solution File, Format Version 12.00
# Visual Studio 2012
Project("{8BC9CEB8-8B4A-11D0-8D11-00A0C91BC942}") = "pr", "pr\pr.vcxproj", "{421C11EB-24CC-4B84-9806-003DBE629538}"
EndProject
Global
	GlobalSection(SolutionConfigurationPlatforms) = preSolution
		Debug|Win32 = Debug|Win32
		Release|Win32 = Release|Win32
	EndGlobalSection
	GlobalSection(ProjectConfigurationPlatforms) = postSolution
		{421C11EB-24CC-4B84-9806-003DBE629538}.Debug|Win32.ActiveCfg = Debug|Win32
		{421C11EB-24CC-4B84-9806-003DBE629538}.Debug|Win32.Build.0 = Debug|Win32
		{421C11EB-24CC-4B84-9806-003DBE629538}.Release|Win32.ActiveCfg = Release|Win32
		{421C11EB-24CC-4B84-9806-003DBE629538}.Release|Win32.Build.0 = Release|Win32
	EndGlobalSection
	GlobalSection(SolutionProperties) = preSolution
		HideSolutionNode = FALSE
	EndGlobalSection
EndGlobal
